// !$*UTF8*$!
{
	archiveVersion = 1;
	classes = {
	};
	objectVersion = 56;
	objects = {

/* Begin PBXBuildFile section */
		E402EEC42BC53A1C00095E9C /* AppDelegate.swift in Sources */ = {isa = PBXBuildFile; fileRef = E402EEC32BC53A1C00095E9C /* AppDelegate.swift */; };
		E402EEC62BC53A1C00095E9C /* SceneDelegate.swift in Sources */ = {isa = PBXBuildFile; fileRef = E402EEC52BC53A1C00095E9C /* SceneDelegate.swift */; };
		E402EEC82BC53A1C00095E9C /* MapViewController.swift in Sources */ = {isa = PBXBuildFile; fileRef = E402EEC72BC53A1C00095E9C /* MapViewController.swift */; };
		E402EECB2BC53A1C00095E9C /* Main.storyboard in Resources */ = {isa = PBXBuildFile; fileRef = E402EEC92BC53A1C00095E9C /* Main.storyboard */; };
		E402EED02BC53A1E00095E9C /* LaunchScreen.storyboard in Resources */ = {isa = PBXBuildFile; fileRef = E402EECE2BC53A1E00095E9C /* LaunchScreen.storyboard */; };
		E402EEE22BC5629E00095E9C /* Assets.xcassets in Resources */ = {isa = PBXBuildFile; fileRef = E402EEE12BC5629E00095E9C /* Assets.xcassets */; };
		E402EEE42BC5757C00095E9C /* CategoryCollectionViewCell.swift in Sources */ = {isa = PBXBuildFile; fileRef = E402EEE32BC5757C00095E9C /* CategoryCollectionViewCell.swift */; };
		E428A9B12BEE867A009FEF25 /* Localizable.xcstrings in Resources */ = {isa = PBXBuildFile; fileRef = E428A9B02BEE867A009FEF25 /* Localizable.xcstrings */; };
		E442B9372BD90C3B00E68C69 /* SDWebImage in Frameworks */ = {isa = PBXBuildFile; productRef = E442B9362BD90C3B00E68C69 /* SDWebImage */; };
		E442B9392BD90C3B00E68C69 /* SDWebImageMapKit in Frameworks */ = {isa = PBXBuildFile; productRef = E442B9382BD90C3B00E68C69 /* SDWebImageMapKit */; };
		E442B93D2BD929CA00E68C69 /* PinWithFriendAnnotationView.xib in Resources */ = {isa = PBXBuildFile; fileRef = E442B93C2BD929CA00E68C69 /* PinWithFriendAnnotationView.xib */; };
		E442B9412BD95B4600E68C69 /* PinAnnotationView.xib in Resources */ = {isa = PBXBuildFile; fileRef = E442B9402BD95B4600E68C69 /* PinAnnotationView.xib */; };
		E442B9432BD9611400E68C69 /* PinAnnotationView.swift in Sources */ = {isa = PBXBuildFile; fileRef = E442B9422BD9611400E68C69 /* PinAnnotationView.swift */; };
		E4A09C652BC67B4100FB08F8 /* Category.swift in Sources */ = {isa = PBXBuildFile; fileRef = E4A09C642BC67B4100FB08F8 /* Category.swift */; };
		E4A09C672BC67EC600FB08F8 /* ObjectStore.swift in Sources */ = {isa = PBXBuildFile; fileRef = E4A09C662BC67EC600FB08F8 /* ObjectStore.swift */; };
		E4B41C502BF2175100EDEA33 /* UIView+cornerRadius.swift in Sources */ = {isa = PBXBuildFile; fileRef = E4B41C4F2BF2175100EDEA33 /* UIView+cornerRadius.swift */; };
		E4B41C522BF2176000EDEA33 /* CACornerMask+corners.swift in Sources */ = {isa = PBXBuildFile; fileRef = E4B41C512BF2176000EDEA33 /* CACornerMask+corners.swift */; };
		E4D62FD12BD6E54B003B12B7 /* PinAnnotation.swift in Sources */ = {isa = PBXBuildFile; fileRef = E4D62FD02BD6E54B003B12B7 /* PinAnnotation.swift */; };
		E4DBE1DD2BD7BBC700F25CAE /* PinWithFriendAnnotationView.swift in Sources */ = {isa = PBXBuildFile; fileRef = E4DBE1DC2BD7BBC700F25CAE /* PinWithFriendAnnotationView.swift */; };
		E4E14A742BCD35D70080FF64 /* Model.swift in Sources */ = {isa = PBXBuildFile; fileRef = E4E14A732BCD35D70080FF64 /* Model.swift */; };
		E4E14A762BCD35F30080FF64 /* NetworkManager.swift in Sources */ = {isa = PBXBuildFile; fileRef = E4E14A752BCD35F30080FF64 /* NetworkManager.swift */; };
		E4E1DF062BD686A100E8B38A /* MapModule.swift in Sources */ = {isa = PBXBuildFile; fileRef = E4E1DF052BD686A100E8B38A /* MapModule.swift */; };
		E4E456622BED137900F5E492 /* RedHatDisplay-BoldItalic.ttf in Resources */ = {isa = PBXBuildFile; fileRef = E4E456542BED137800F5E492 /* RedHatDisplay-BoldItalic.ttf */; };
		E4E456632BED137900F5E492 /* RedHatDisplay-Regular.ttf in Resources */ = {isa = PBXBuildFile; fileRef = E4E456552BED137800F5E492 /* RedHatDisplay-Regular.ttf */; };
		E4E456642BED137900F5E492 /* RedHatDisplay-Light.ttf in Resources */ = {isa = PBXBuildFile; fileRef = E4E456562BED137800F5E492 /* RedHatDisplay-Light.ttf */; };
		E4E456652BED137900F5E492 /* RedHatDisplay-Medium.ttf in Resources */ = {isa = PBXBuildFile; fileRef = E4E456572BED137800F5E492 /* RedHatDisplay-Medium.ttf */; };
		E4E456662BED137900F5E492 /* RedHatDisplay-Italic.ttf in Resources */ = {isa = PBXBuildFile; fileRef = E4E456582BED137900F5E492 /* RedHatDisplay-Italic.ttf */; };
		E4E456672BED137900F5E492 /* RedHatDisplay-Bold.ttf in Resources */ = {isa = PBXBuildFile; fileRef = E4E456592BED137900F5E492 /* RedHatDisplay-Bold.ttf */; };
		E4E456682BED137900F5E492 /* RedHatDisplay-SemiBold.ttf in Resources */ = {isa = PBXBuildFile; fileRef = E4E4565A2BED137900F5E492 /* RedHatDisplay-SemiBold.ttf */; };
		E4E456692BED137900F5E492 /* RedHatDisplay-BlackItalic.ttf in Resources */ = {isa = PBXBuildFile; fileRef = E4E4565B2BED137900F5E492 /* RedHatDisplay-BlackItalic.ttf */; };
		E4E4566A2BED137900F5E492 /* RedHatDisplay-ExtraBold.ttf in Resources */ = {isa = PBXBuildFile; fileRef = E4E4565C2BED137900F5E492 /* RedHatDisplay-ExtraBold.ttf */; };
		E4E4566B2BED137900F5E492 /* RedHatDisplay-LightItalic.ttf in Resources */ = {isa = PBXBuildFile; fileRef = E4E4565D2BED137900F5E492 /* RedHatDisplay-LightItalic.ttf */; };
		E4E4566C2BED137900F5E492 /* RedHatDisplay-Black.ttf in Resources */ = {isa = PBXBuildFile; fileRef = E4E4565E2BED137900F5E492 /* RedHatDisplay-Black.ttf */; };
		E4E4566D2BED137900F5E492 /* RedHatDisplay-MediumItalic.ttf in Resources */ = {isa = PBXBuildFile; fileRef = E4E4565F2BED137900F5E492 /* RedHatDisplay-MediumItalic.ttf */; };
		E4E4566E2BED137900F5E492 /* RedHatDisplay-ExtraBoldItalic.ttf in Resources */ = {isa = PBXBuildFile; fileRef = E4E456602BED137900F5E492 /* RedHatDisplay-ExtraBoldItalic.ttf */; };
		E4E4566F2BED137900F5E492 /* RedHatDisplay-SemiBoldItalic.ttf in Resources */ = {isa = PBXBuildFile; fileRef = E4E456612BED137900F5E492 /* RedHatDisplay-SemiBoldItalic.ttf */; };
/* End PBXBuildFile section */

/* Begin PBXFileReference section */
		E402EEC02BC53A1C00095E9C /* EventExplorer.app */ = {isa = PBXFileReference; explicitFileType = wrapper.application; includeInIndex = 0; path = EventExplorer.app; sourceTree = BUILT_PRODUCTS_DIR; };
		E402EEC32BC53A1C00095E9C /* AppDelegate.swift */ = {isa = PBXFileReference; lastKnownFileType = sourcecode.swift; path = AppDelegate.swift; sourceTree = "<group>"; };
		E402EEC52BC53A1C00095E9C /* SceneDelegate.swift */ = {isa = PBXFileReference; lastKnownFileType = sourcecode.swift; path = SceneDelegate.swift; sourceTree = "<group>"; };
		E402EEC72BC53A1C00095E9C /* MapViewController.swift */ = {isa = PBXFileReference; lastKnownFileType = sourcecode.swift; path = MapViewController.swift; sourceTree = "<group>"; };
		E402EECA2BC53A1C00095E9C /* Base */ = {isa = PBXFileReference; lastKnownFileType = file.storyboard; name = Base; path = Base.lproj/Main.storyboard; sourceTree = "<group>"; };
		E402EECF2BC53A1E00095E9C /* Base */ = {isa = PBXFileReference; lastKnownFileType = file.storyboard; name = Base; path = Base.lproj/LaunchScreen.storyboard; sourceTree = "<group>"; };
		E402EED12BC53A1E00095E9C /* Info.plist */ = {isa = PBXFileReference; lastKnownFileType = text.plist.xml; path = Info.plist; sourceTree = "<group>"; };
		E402EEE12BC5629E00095E9C /* Assets.xcassets */ = {isa = PBXFileReference; lastKnownFileType = folder.assetcatalog; path = Assets.xcassets; sourceTree = "<group>"; };
		E402EEE32BC5757C00095E9C /* CategoryCollectionViewCell.swift */ = {isa = PBXFileReference; lastKnownFileType = sourcecode.swift; path = CategoryCollectionViewCell.swift; sourceTree = "<group>"; };
		E428A9B02BEE867A009FEF25 /* Localizable.xcstrings */ = {isa = PBXFileReference; lastKnownFileType = text.json.xcstrings; path = Localizable.xcstrings; sourceTree = "<group>"; };
		E442B93C2BD929CA00E68C69 /* PinWithFriendAnnotationView.xib */ = {isa = PBXFileReference; fileEncoding = 4; lastKnownFileType = file.xib; path = PinWithFriendAnnotationView.xib; sourceTree = "<group>"; };
		E442B9402BD95B4600E68C69 /* PinAnnotationView.xib */ = {isa = PBXFileReference; lastKnownFileType = file.xib; path = PinAnnotationView.xib; sourceTree = "<group>"; };
		E442B9422BD9611400E68C69 /* PinAnnotationView.swift */ = {isa = PBXFileReference; lastKnownFileType = sourcecode.swift; path = PinAnnotationView.swift; sourceTree = "<group>"; };
		E4A09C642BC67B4100FB08F8 /* Category.swift */ = {isa = PBXFileReference; lastKnownFileType = sourcecode.swift; path = Category.swift; sourceTree = "<group>"; };
		E4A09C662BC67EC600FB08F8 /* ObjectStore.swift */ = {isa = PBXFileReference; lastKnownFileType = sourcecode.swift; path = ObjectStore.swift; sourceTree = "<group>"; };
		E4B41C4F2BF2175100EDEA33 /* UIView+cornerRadius.swift */ = {isa = PBXFileReference; lastKnownFileType = sourcecode.swift; path = "UIView+cornerRadius.swift"; sourceTree = "<group>"; };
		E4B41C512BF2176000EDEA33 /* CACornerMask+corners.swift */ = {isa = PBXFileReference; lastKnownFileType = sourcecode.swift; path = "CACornerMask+corners.swift"; sourceTree = "<group>"; };
		E4D62FD02BD6E54B003B12B7 /* PinAnnotation.swift */ = {isa = PBXFileReference; lastKnownFileType = sourcecode.swift; path = PinAnnotation.swift; sourceTree = "<group>"; };
		E4DBE1DC2BD7BBC700F25CAE /* PinWithFriendAnnotationView.swift */ = {isa = PBXFileReference; lastKnownFileType = sourcecode.swift; path = PinWithFriendAnnotationView.swift; sourceTree = "<group>"; };
		E4E14A732BCD35D70080FF64 /* Model.swift */ = {isa = PBXFileReference; lastKnownFileType = sourcecode.swift; path = Model.swift; sourceTree = "<group>"; };
		E4E14A752BCD35F30080FF64 /* NetworkManager.swift */ = {isa = PBXFileReference; lastKnownFileType = sourcecode.swift; path = NetworkManager.swift; sourceTree = "<group>"; };
		E4E1DF052BD686A100E8B38A /* MapModule.swift */ = {isa = PBXFileReference; lastKnownFileType = sourcecode.swift; path = MapModule.swift; sourceTree = "<group>"; };
		E4E456542BED137800F5E492 /* RedHatDisplay-BoldItalic.ttf */ = {isa = PBXFileReference; lastKnownFileType = file; path = "RedHatDisplay-BoldItalic.ttf"; sourceTree = "<group>"; };
		E4E456552BED137800F5E492 /* RedHatDisplay-Regular.ttf */ = {isa = PBXFileReference; lastKnownFileType = file; path = "RedHatDisplay-Regular.ttf"; sourceTree = "<group>"; };
		E4E456562BED137800F5E492 /* RedHatDisplay-Light.ttf */ = {isa = PBXFileReference; lastKnownFileType = file; path = "RedHatDisplay-Light.ttf"; sourceTree = "<group>"; };
		E4E456572BED137800F5E492 /* RedHatDisplay-Medium.ttf */ = {isa = PBXFileReference; lastKnownFileType = file; path = "RedHatDisplay-Medium.ttf"; sourceTree = "<group>"; };
		E4E456582BED137900F5E492 /* RedHatDisplay-Italic.ttf */ = {isa = PBXFileReference; lastKnownFileType = file; path = "RedHatDisplay-Italic.ttf"; sourceTree = "<group>"; };
		E4E456592BED137900F5E492 /* RedHatDisplay-Bold.ttf */ = {isa = PBXFileReference; lastKnownFileType = file; path = "RedHatDisplay-Bold.ttf"; sourceTree = "<group>"; };
		E4E4565A2BED137900F5E492 /* RedHatDisplay-SemiBold.ttf */ = {isa = PBXFileReference; lastKnownFileType = file; path = "RedHatDisplay-SemiBold.ttf"; sourceTree = "<group>"; };
		E4E4565B2BED137900F5E492 /* RedHatDisplay-BlackItalic.ttf */ = {isa = PBXFileReference; lastKnownFileType = file; path = "RedHatDisplay-BlackItalic.ttf"; sourceTree = "<group>"; };
		E4E4565C2BED137900F5E492 /* RedHatDisplay-ExtraBold.ttf */ = {isa = PBXFileReference; lastKnownFileType = file; path = "RedHatDisplay-ExtraBold.ttf"; sourceTree = "<group>"; };
		E4E4565D2BED137900F5E492 /* RedHatDisplay-LightItalic.ttf */ = {isa = PBXFileReference; lastKnownFileType = file; path = "RedHatDisplay-LightItalic.ttf"; sourceTree = "<group>"; };
		E4E4565E2BED137900F5E492 /* RedHatDisplay-Black.ttf */ = {isa = PBXFileReference; lastKnownFileType = file; path = "RedHatDisplay-Black.ttf"; sourceTree = "<group>"; };
		E4E4565F2BED137900F5E492 /* RedHatDisplay-MediumItalic.ttf */ = {isa = PBXFileReference; lastKnownFileType = file; path = "RedHatDisplay-MediumItalic.ttf"; sourceTree = "<group>"; };
		E4E456602BED137900F5E492 /* RedHatDisplay-ExtraBoldItalic.ttf */ = {isa = PBXFileReference; lastKnownFileType = file; path = "RedHatDisplay-ExtraBoldItalic.ttf"; sourceTree = "<group>"; };
		E4E456612BED137900F5E492 /* RedHatDisplay-SemiBoldItalic.ttf */ = {isa = PBXFileReference; lastKnownFileType = file; path = "RedHatDisplay-SemiBoldItalic.ttf"; sourceTree = "<group>"; };
/* End PBXFileReference section */

/* Begin PBXFrameworksBuildPhase section */
		E402EEBD2BC53A1C00095E9C /* Frameworks */ = {
			isa = PBXFrameworksBuildPhase;
			buildActionMask = 2147483647;
			files = (
				E442B9392BD90C3B00E68C69 /* SDWebImageMapKit in Frameworks */,
				E442B9372BD90C3B00E68C69 /* SDWebImage in Frameworks */,
			);
			runOnlyForDeploymentPostprocessing = 0;
		};
/* End PBXFrameworksBuildPhase section */

/* Begin PBXGroup section */
		E402EEB72BC53A1C00095E9C = {
			isa = PBXGroup;
			children = (
				E402EEC22BC53A1C00095E9C /* EventExplorer */,
				E402EEC12BC53A1C00095E9C /* Products */,
			);
			sourceTree = "<group>";
		};
		E402EEC12BC53A1C00095E9C /* Products */ = {
			isa = PBXGroup;
			children = (
				E402EEC02BC53A1C00095E9C /* EventExplorer.app */,
			);
			name = Products;
			sourceTree = "<group>";
		};
		E402EEC22BC53A1C00095E9C /* EventExplorer */ = {
			isa = PBXGroup;
			children = (
				E4B41C4E2BF2173600EDEA33 /* Extensions */,
				E4813EFE2BED5DC700E71B00 /* Localizable */,
				E4A09C682BC6A2E000FB08F8 /* Font */,
				E420BEBF2BEBE8D000D553C8 /* Resources */,
				E420BEBE2BEBE8B900D553C8 /* Services */,
				E4E1DF072BD686F400E8B38A /* Map */,
				E4E1DF002BD664B300E8B38A /* Views */,
				E402EED72BC53AD300095E9C /* API */,
				E402EED92BC53AE700095E9C /* Model */,
				E402EEC32BC53A1C00095E9C /* AppDelegate.swift */,
				E402EEC52BC53A1C00095E9C /* SceneDelegate.swift */,
				E402EEC92BC53A1C00095E9C /* Main.storyboard */,
				E402EECE2BC53A1E00095E9C /* LaunchScreen.storyboard */,
			);
			path = EventExplorer;
			sourceTree = "<group>";
		};
		E402EED72BC53AD300095E9C /* API */ = {
			isa = PBXGroup;
			children = (
				E4E14A732BCD35D70080FF64 /* Model.swift */,
				E4E14A752BCD35F30080FF64 /* NetworkManager.swift */,
			);
			path = API;
			sourceTree = "<group>";
		};
		E402EED92BC53AE700095E9C /* Model */ = {
			isa = PBXGroup;
			children = (
				E420BEBD2BEBE85400D553C8 /* Pin */,
				E420BEBC2BEBE84F00D553C8 /* AirtableResponse */,
			);
			path = Model;
			sourceTree = "<group>";
		};
		E420BEBC2BEBE84F00D553C8 /* AirtableResponse */ = {
			isa = PBXGroup;
			children = (
				E4A09C642BC67B4100FB08F8 /* Category.swift */,
			);
			path = AirtableResponse;
			sourceTree = "<group>";
		};
		E420BEBD2BEBE85400D553C8 /* Pin */ = {
			isa = PBXGroup;
			children = (
				E4D62FD02BD6E54B003B12B7 /* PinAnnotation.swift */,
			);
			path = Pin;
			sourceTree = "<group>";
		};
		E420BEBE2BEBE8B900D553C8 /* Services */ = {
			isa = PBXGroup;
			children = (
				E4A09C662BC67EC600FB08F8 /* ObjectStore.swift */,
			);
			path = Services;
			sourceTree = "<group>";
		};
		E420BEBF2BEBE8D000D553C8 /* Resources */ = {
			isa = PBXGroup;
			children = (
				E402EED12BC53A1E00095E9C /* Info.plist */,
				E402EEE12BC5629E00095E9C /* Assets.xcassets */,
			);
			path = Resources;
			sourceTree = "<group>";
		};
		E442B9442BD9612600E68C69 /* PinWithFriendAnnotationView */ = {
			isa = PBXGroup;
			children = (
				E4DBE1DC2BD7BBC700F25CAE /* PinWithFriendAnnotationView.swift */,
				E442B93C2BD929CA00E68C69 /* PinWithFriendAnnotationView.xib */,
			);
			path = PinWithFriendAnnotationView;
			sourceTree = "<group>";
		};
		E442B9452BD9613B00E68C69 /* PinAnnotationView */ = {
			isa = PBXGroup;
			children = (
				E442B9402BD95B4600E68C69 /* PinAnnotationView.xib */,
				E442B9422BD9611400E68C69 /* PinAnnotationView.swift */,
			);
			path = PinAnnotationView;
			sourceTree = "<group>";
		};
		E4813EFE2BED5DC700E71B00 /* Localizable */ = {
			isa = PBXGroup;
			children = (
				E428A9B02BEE867A009FEF25 /* Localizable.xcstrings */,
			);
			path = Localizable;
			sourceTree = "<group>";
		};
		E4A09C682BC6A2E000FB08F8 /* Font */ = {
			isa = PBXGroup;
			children = (
				E4E4565E2BED137900F5E492 /* RedHatDisplay-Black.ttf */,
				E4E4565B2BED137900F5E492 /* RedHatDisplay-BlackItalic.ttf */,
				E4E456592BED137900F5E492 /* RedHatDisplay-Bold.ttf */,
				E4E456542BED137800F5E492 /* RedHatDisplay-BoldItalic.ttf */,
				E4E4565C2BED137900F5E492 /* RedHatDisplay-ExtraBold.ttf */,
				E4E456602BED137900F5E492 /* RedHatDisplay-ExtraBoldItalic.ttf */,
				E4E456582BED137900F5E492 /* RedHatDisplay-Italic.ttf */,
				E4E456562BED137800F5E492 /* RedHatDisplay-Light.ttf */,
				E4E4565D2BED137900F5E492 /* RedHatDisplay-LightItalic.ttf */,
				E4E456572BED137800F5E492 /* RedHatDisplay-Medium.ttf */,
				E4E4565F2BED137900F5E492 /* RedHatDisplay-MediumItalic.ttf */,
				E4E456552BED137800F5E492 /* RedHatDisplay-Regular.ttf */,
				E4E4565A2BED137900F5E492 /* RedHatDisplay-SemiBold.ttf */,
				E4E456612BED137900F5E492 /* RedHatDisplay-SemiBoldItalic.ttf */,
			);
			path = Font;
			sourceTree = "<group>";
		};
		E4B41C4E2BF2173600EDEA33 /* Extensions */ = {
			isa = PBXGroup;
			children = (
				E4B41C4F2BF2175100EDEA33 /* UIView+cornerRadius.swift */,
				E4B41C512BF2176000EDEA33 /* CACornerMask+corners.swift */,
			);
			path = Extensions;
			sourceTree = "<group>";
		};
		E4E1DF002BD664B300E8B38A /* Views */ = {
			isa = PBXGroup;
			children = (
				E442B9442BD9612600E68C69 /* PinWithFriendAnnotationView */,
				E442B9452BD9613B00E68C69 /* PinAnnotationView */,
				E402EEE32BC5757C00095E9C /* CategoryCollectionViewCell.swift */,
			);
			path = Views;
			sourceTree = "<group>";
		};
		E4E1DF072BD686F400E8B38A /* Map */ = {
			isa = PBXGroup;
			children = (
				E402EEC72BC53A1C00095E9C /* MapViewController.swift */,
				E4E1DF052BD686A100E8B38A /* MapModule.swift */,
			);
			path = Map;
			sourceTree = "<group>";
		};
/* End PBXGroup section */

/* Begin PBXNativeTarget section */
		E402EEBF2BC53A1C00095E9C /* EventExplorer */ = {
			isa = PBXNativeTarget;
			buildConfigurationList = E402EED42BC53A1E00095E9C /* Build configuration list for PBXNativeTarget "EventExplorer" */;
			buildPhases = (
				E402EEBC2BC53A1C00095E9C /* Sources */,
				E402EEBD2BC53A1C00095E9C /* Frameworks */,
				E402EEBE2BC53A1C00095E9C /* Resources */,
			);
			buildRules = (
			);
			dependencies = (
			);
			name = EventExplorer;
			packageProductDependencies = (
				E442B9362BD90C3B00E68C69 /* SDWebImage */,
				E442B9382BD90C3B00E68C69 /* SDWebImageMapKit */,
			);
			productName = TZ;
			productReference = E402EEC02BC53A1C00095E9C /* EventExplorer.app */;
			productType = "com.apple.product-type.application";
		};
/* End PBXNativeTarget section */

/* Begin PBXProject section */
		E402EEB82BC53A1C00095E9C /* Project object */ = {
			isa = PBXProject;
			attributes = {
				BuildIndependentTargetsInParallel = 1;
				LastSwiftUpdateCheck = 1520;
				LastUpgradeCheck = 1520;
				TargetAttributes = {
					E402EEBF2BC53A1C00095E9C = {
						CreatedOnToolsVersion = 15.2;
					};
				};
			};
			buildConfigurationList = E402EEBB2BC53A1C00095E9C /* Build configuration list for PBXProject "EventExplorer" */;
			compatibilityVersion = "Xcode 14.0";
			developmentRegion = en;
			hasScannedForEncodings = 0;
			knownRegions = (
				en,
				Base,
				uk,
			);
			mainGroup = E402EEB72BC53A1C00095E9C;
			packageReferences = (
				E442B9352BD90C3B00E68C69 /* XCRemoteSwiftPackageReference "SDWebImage" */,
			);
			productRefGroup = E402EEC12BC53A1C00095E9C /* Products */;
			projectDirPath = "";
			projectRoot = "";
			targets = (
				E402EEBF2BC53A1C00095E9C /* EventExplorer */,
			);
		};
/* End PBXProject section */

/* Begin PBXResourcesBuildPhase section */
		E402EEBE2BC53A1C00095E9C /* Resources */ = {
			isa = PBXResourcesBuildPhase;
			buildActionMask = 2147483647;
			files = (
				E4E456682BED137900F5E492 /* RedHatDisplay-SemiBold.ttf in Resources */,
				E402EED02BC53A1E00095E9C /* LaunchScreen.storyboard in Resources */,
				E4E456662BED137900F5E492 /* RedHatDisplay-Italic.ttf in Resources */,
				E4E456672BED137900F5E492 /* RedHatDisplay-Bold.ttf in Resources */,
				E442B93D2BD929CA00E68C69 /* PinWithFriendAnnotationView.xib in Resources */,
				E428A9B12BEE867A009FEF25 /* Localizable.xcstrings in Resources */,
				E4E4566A2BED137900F5E492 /* RedHatDisplay-ExtraBold.ttf in Resources */,
				E402EECB2BC53A1C00095E9C /* Main.storyboard in Resources */,
				E4E456692BED137900F5E492 /* RedHatDisplay-BlackItalic.ttf in Resources */,
				E402EEE22BC5629E00095E9C /* Assets.xcassets in Resources */,
				E4E4566B2BED137900F5E492 /* RedHatDisplay-LightItalic.ttf in Resources */,
				E4E456632BED137900F5E492 /* RedHatDisplay-Regular.ttf in Resources */,
				E4E4566C2BED137900F5E492 /* RedHatDisplay-Black.ttf in Resources */,
				E4E456652BED137900F5E492 /* RedHatDisplay-Medium.ttf in Resources */,
				E4E4566E2BED137900F5E492 /* RedHatDisplay-ExtraBoldItalic.ttf in Resources */,
				E4E456622BED137900F5E492 /* RedHatDisplay-BoldItalic.ttf in Resources */,
				E4E4566F2BED137900F5E492 /* RedHatDisplay-SemiBoldItalic.ttf in Resources */,
				E4E456642BED137900F5E492 /* RedHatDisplay-Light.ttf in Resources */,
				E442B9412BD95B4600E68C69 /* PinAnnotationView.xib in Resources */,
				E4E4566D2BED137900F5E492 /* RedHatDisplay-MediumItalic.ttf in Resources */,
			);
			runOnlyForDeploymentPostprocessing = 0;
		};
/* End PBXResourcesBuildPhase section */

/* Begin PBXSourcesBuildPhase section */
		E402EEBC2BC53A1C00095E9C /* Sources */ = {
			isa = PBXSourcesBuildPhase;
			buildActionMask = 2147483647;
			files = (
				E4E14A742BCD35D70080FF64 /* Model.swift in Sources */,
				E442B9432BD9611400E68C69 /* PinAnnotationView.swift in Sources */,
				E4A09C652BC67B4100FB08F8 /* Category.swift in Sources */,
				E402EEC82BC53A1C00095E9C /* MapViewController.swift in Sources */,
				E402EEC42BC53A1C00095E9C /* AppDelegate.swift in Sources */,
				E4E14A762BCD35F30080FF64 /* NetworkManager.swift in Sources */,
				E4D62FD12BD6E54B003B12B7 /* PinAnnotation.swift in Sources */,
				E4B41C522BF2176000EDEA33 /* CACornerMask+corners.swift in Sources */,
				E4E1DF062BD686A100E8B38A /* MapModule.swift in Sources */,
				E402EEE42BC5757C00095E9C /* CategoryCollectionViewCell.swift in Sources */,
				E4B41C502BF2175100EDEA33 /* UIView+cornerRadius.swift in Sources */,
				E4DBE1DD2BD7BBC700F25CAE /* PinWithFriendAnnotationView.swift in Sources */,
				E4A09C672BC67EC600FB08F8 /* ObjectStore.swift in Sources */,
				E402EEC62BC53A1C00095E9C /* SceneDelegate.swift in Sources */,
			);
			runOnlyForDeploymentPostprocessing = 0;
		};
/* End PBXSourcesBuildPhase section */

/* Begin PBXVariantGroup section */
		E402EEC92BC53A1C00095E9C /* Main.storyboard */ = {
			isa = PBXVariantGroup;
			children = (
				E402EECA2BC53A1C00095E9C /* Base */,
			);
			name = Main.storyboard;
			sourceTree = "<group>";
		};
		E402EECE2BC53A1E00095E9C /* LaunchScreen.storyboard */ = {
			isa = PBXVariantGroup;
			children = (
				E402EECF2BC53A1E00095E9C /* Base */,
			);
			name = LaunchScreen.storyboard;
			sourceTree = "<group>";
		};
/* End PBXVariantGroup section */

/* Begin XCBuildConfiguration section */
		E402EED22BC53A1E00095E9C /* Debug */ = {
			isa = XCBuildConfiguration;
			buildSettings = {
				ALWAYS_SEARCH_USER_PATHS = NO;
				ASSETCATALOG_COMPILER_GENERATE_SWIFT_ASSET_SYMBOL_EXTENSIONS = YES;
				CLANG_ANALYZER_LOCALIZABILITY_NONLOCALIZED = YES;
				CLANG_ANALYZER_NONNULL = YES;
				CLANG_ANALYZER_NUMBER_OBJECT_CONVERSION = YES_AGGRESSIVE;
				CLANG_CXX_LANGUAGE_STANDARD = "gnu++20";
				CLANG_ENABLE_MODULES = YES;
				CLANG_ENABLE_OBJC_ARC = YES;
				CLANG_ENABLE_OBJC_WEAK = YES;
				CLANG_WARN_BLOCK_CAPTURE_AUTORELEASING = YES;
				CLANG_WARN_BOOL_CONVERSION = YES;
				CLANG_WARN_COMMA = YES;
				CLANG_WARN_CONSTANT_CONVERSION = YES;
				CLANG_WARN_DEPRECATED_OBJC_IMPLEMENTATIONS = YES;
				CLANG_WARN_DIRECT_OBJC_ISA_USAGE = YES_ERROR;
				CLANG_WARN_DOCUMENTATION_COMMENTS = YES;
				CLANG_WARN_EMPTY_BODY = YES;
				CLANG_WARN_ENUM_CONVERSION = YES;
				CLANG_WARN_INFINITE_RECURSION = YES;
				CLANG_WARN_INT_CONVERSION = YES;
				CLANG_WARN_NON_LITERAL_NULL_CONVERSION = YES;
				CLANG_WARN_OBJC_IMPLICIT_RETAIN_SELF = YES;
				CLANG_WARN_OBJC_LITERAL_CONVERSION = YES;
				CLANG_WARN_OBJC_ROOT_CLASS = YES_ERROR;
				CLANG_WARN_QUOTED_INCLUDE_IN_FRAMEWORK_HEADER = YES;
				CLANG_WARN_RANGE_LOOP_ANALYSIS = YES;
				CLANG_WARN_STRICT_PROTOTYPES = YES;
				CLANG_WARN_SUSPICIOUS_MOVE = YES;
				CLANG_WARN_UNGUARDED_AVAILABILITY = YES_AGGRESSIVE;
				CLANG_WARN_UNREACHABLE_CODE = YES;
				CLANG_WARN__DUPLICATE_METHOD_MATCH = YES;
				COPY_PHASE_STRIP = NO;
				DEBUG_INFORMATION_FORMAT = dwarf;
				ENABLE_STRICT_OBJC_MSGSEND = YES;
				ENABLE_TESTABILITY = YES;
				ENABLE_USER_SCRIPT_SANDBOXING = YES;
				GCC_C_LANGUAGE_STANDARD = gnu17;
				GCC_DYNAMIC_NO_PIC = NO;
				GCC_NO_COMMON_BLOCKS = YES;
				GCC_OPTIMIZATION_LEVEL = 0;
				GCC_PREPROCESSOR_DEFINITIONS = (
					"DEBUG=1",
					"$(inherited)",
				);
				GCC_WARN_64_TO_32_BIT_CONVERSION = YES;
				GCC_WARN_ABOUT_RETURN_TYPE = YES_ERROR;
				GCC_WARN_UNDECLARED_SELECTOR = YES;
				GCC_WARN_UNINITIALIZED_AUTOS = YES_AGGRESSIVE;
				GCC_WARN_UNUSED_FUNCTION = YES;
				GCC_WARN_UNUSED_VARIABLE = YES;
				IPHONEOS_DEPLOYMENT_TARGET = 17.2;
				LOCALIZATION_PREFERS_STRING_CATALOGS = YES;
				MTL_ENABLE_DEBUG_INFO = INCLUDE_SOURCE;
				MTL_FAST_MATH = YES;
				ONLY_ACTIVE_ARCH = YES;
				SDKROOT = iphoneos;
				SWIFT_ACTIVE_COMPILATION_CONDITIONS = "DEBUG $(inherited)";
				SWIFT_OPTIMIZATION_LEVEL = "-Onone";
			};
			name = Debug;
		};
		E402EED32BC53A1E00095E9C /* Release */ = {
			isa = XCBuildConfiguration;
			buildSettings = {
				ALWAYS_SEARCH_USER_PATHS = NO;
				ASSETCATALOG_COMPILER_GENERATE_SWIFT_ASSET_SYMBOL_EXTENSIONS = YES;
				CLANG_ANALYZER_LOCALIZABILITY_NONLOCALIZED = YES;
				CLANG_ANALYZER_NONNULL = YES;
				CLANG_ANALYZER_NUMBER_OBJECT_CONVERSION = YES_AGGRESSIVE;
				CLANG_CXX_LANGUAGE_STANDARD = "gnu++20";
				CLANG_ENABLE_MODULES = YES;
				CLANG_ENABLE_OBJC_ARC = YES;
				CLANG_ENABLE_OBJC_WEAK = YES;
				CLANG_WARN_BLOCK_CAPTURE_AUTORELEASING = YES;
				CLANG_WARN_BOOL_CONVERSION = YES;
				CLANG_WARN_COMMA = YES;
				CLANG_WARN_CONSTANT_CONVERSION = YES;
				CLANG_WARN_DEPRECATED_OBJC_IMPLEMENTATIONS = YES;
				CLANG_WARN_DIRECT_OBJC_ISA_USAGE = YES_ERROR;
				CLANG_WARN_DOCUMENTATION_COMMENTS = YES;
				CLANG_WARN_EMPTY_BODY = YES;
				CLANG_WARN_ENUM_CONVERSION = YES;
				CLANG_WARN_INFINITE_RECURSION = YES;
				CLANG_WARN_INT_CONVERSION = YES;
				CLANG_WARN_NON_LITERAL_NULL_CONVERSION = YES;
				CLANG_WARN_OBJC_IMPLICIT_RETAIN_SELF = YES;
				CLANG_WARN_OBJC_LITERAL_CONVERSION = YES;
				CLANG_WARN_OBJC_ROOT_CLASS = YES_ERROR;
				CLANG_WARN_QUOTED_INCLUDE_IN_FRAMEWORK_HEADER = YES;
				CLANG_WARN_RANGE_LOOP_ANALYSIS = YES;
				CLANG_WARN_STRICT_PROTOTYPES = YES;
				CLANG_WARN_SUSPICIOUS_MOVE = YES;
				CLANG_WARN_UNGUARDED_AVAILABILITY = YES_AGGRESSIVE;
				CLANG_WARN_UNREACHABLE_CODE = YES;
				CLANG_WARN__DUPLICATE_METHOD_MATCH = YES;
				COPY_PHASE_STRIP = NO;
				DEBUG_INFORMATION_FORMAT = "dwarf-with-dsym";
				ENABLE_NS_ASSERTIONS = NO;
				ENABLE_STRICT_OBJC_MSGSEND = YES;
				ENABLE_USER_SCRIPT_SANDBOXING = YES;
				GCC_C_LANGUAGE_STANDARD = gnu17;
				GCC_NO_COMMON_BLOCKS = YES;
				GCC_WARN_64_TO_32_BIT_CONVERSION = YES;
				GCC_WARN_ABOUT_RETURN_TYPE = YES_ERROR;
				GCC_WARN_UNDECLARED_SELECTOR = YES;
				GCC_WARN_UNINITIALIZED_AUTOS = YES_AGGRESSIVE;
				GCC_WARN_UNUSED_FUNCTION = YES;
				GCC_WARN_UNUSED_VARIABLE = YES;
				IPHONEOS_DEPLOYMENT_TARGET = 17.2;
				LOCALIZATION_PREFERS_STRING_CATALOGS = YES;
				MTL_ENABLE_DEBUG_INFO = NO;
				MTL_FAST_MATH = YES;
				SDKROOT = iphoneos;
				SWIFT_COMPILATION_MODE = wholemodule;
				VALIDATE_PRODUCT = YES;
			};
			name = Release;
		};
		E402EED52BC53A1E00095E9C /* Debug */ = {
			isa = XCBuildConfiguration;
			buildSettings = {
				ASSETCATALOG_COMPILER_APPICON_NAME = AppIcon;
				ASSETCATALOG_COMPILER_GLOBAL_ACCENT_COLOR_NAME = AccentColor;
				CODE_SIGN_STYLE = Automatic;
				CURRENT_PROJECT_VERSION = 1;
				DEVELOPMENT_TEAM = G355VXTWJ3;
				GENERATE_INFOPLIST_FILE = YES;
				INFOPLIST_FILE = EventExplorer/Resources/Info.plist;
				INFOPLIST_KEY_NSLocationWhenInUseUsageDescription = "Access to the location will allow to show events in your region";
				INFOPLIST_KEY_UIApplicationSupportsIndirectInputEvents = YES;
				INFOPLIST_KEY_UILaunchStoryboardName = LaunchScreen;
				INFOPLIST_KEY_UIMainStoryboardFile = Main;
				INFOPLIST_KEY_UISupportedInterfaceOrientations_iPad = "UIInterfaceOrientationPortrait UIInterfaceOrientationPortraitUpsideDown UIInterfaceOrientationLandscapeLeft UIInterfaceOrientationLandscapeRight";
				INFOPLIST_KEY_UISupportedInterfaceOrientations_iPhone = "UIInterfaceOrientationPortrait UIInterfaceOrientationLandscapeLeft UIInterfaceOrientationLandscapeRight";
				LD_RUNPATH_SEARCH_PATHS = (
					"$(inherited)",
					"@executable_path/Frameworks",
				);
				MARKETING_VERSION = 1.2;
				PRODUCT_BUNDLE_IDENTIFIER = "io.molfar.event-explorer";
				PRODUCT_NAME = "$(TARGET_NAME)";
				SWIFT_EMIT_LOC_STRINGS = YES;
				SWIFT_VERSION = 5.0;
				TARGETED_DEVICE_FAMILY = "1,2";
			};
			name = Debug;
		};
		E402EED62BC53A1E00095E9C /* Release */ = {
			isa = XCBuildConfiguration;
			buildSettings = {
				ASSETCATALOG_COMPILER_APPICON_NAME = AppIcon;
				ASSETCATALOG_COMPILER_GLOBAL_ACCENT_COLOR_NAME = AccentColor;
				CODE_SIGN_STYLE = Automatic;
				CURRENT_PROJECT_VERSION = 1;
				DEVELOPMENT_TEAM = G355VXTWJ3;
				GENERATE_INFOPLIST_FILE = YES;
				INFOPLIST_FILE = EventExplorer/Resources/Info.plist;
				INFOPLIST_KEY_NSLocationWhenInUseUsageDescription = "Access to the location will allow to show events in your region";
				INFOPLIST_KEY_UIApplicationSupportsIndirectInputEvents = YES;
				INFOPLIST_KEY_UILaunchStoryboardName = LaunchScreen;
				INFOPLIST_KEY_UIMainStoryboardFile = Main;
				INFOPLIST_KEY_UISupportedInterfaceOrientations_iPad = "UIInterfaceOrientationPortrait UIInterfaceOrientationPortraitUpsideDown UIInterfaceOrientationLandscapeLeft UIInterfaceOrientationLandscapeRight";
				INFOPLIST_KEY_UISupportedInterfaceOrientations_iPhone = "UIInterfaceOrientationPortrait UIInterfaceOrientationLandscapeLeft UIInterfaceOrientationLandscapeRight";
				LD_RUNPATH_SEARCH_PATHS = (
					"$(inherited)",
					"@executable_path/Frameworks",
				);
				MARKETING_VERSION = 1.2;
				PRODUCT_BUNDLE_IDENTIFIER = "io.molfar.event-explorer";
				PRODUCT_NAME = "$(TARGET_NAME)";
				SWIFT_EMIT_LOC_STRINGS = YES;
				SWIFT_VERSION = 5.0;
				TARGETED_DEVICE_FAMILY = "1,2";
			};
			name = Release;
		};
/* End XCBuildConfiguration section */

/* Begin XCConfigurationList section */
		E402EEBB2BC53A1C00095E9C /* Build configuration list for PBXProject "EventExplorer" */ = {
			isa = XCConfigurationList;
			buildConfigurations = (
				E402EED22BC53A1E00095E9C /* Debug */,
				E402EED32BC53A1E00095E9C /* Release */,
			);
			defaultConfigurationIsVisible = 0;
			defaultConfigurationName = Release;
		};
		E402EED42BC53A1E00095E9C /* Build configuration list for PBXNativeTarget "EventExplorer" */ = {
			isa = XCConfigurationList;
			buildConfigurations = (
				E402EED52BC53A1E00095E9C /* Debug */,
				E402EED62BC53A1E00095E9C /* Release */,
			);
			defaultConfigurationIsVisible = 0;
			defaultConfigurationName = Release;
		};
/* End XCConfigurationList section */

/* Begin XCRemoteSwiftPackageReference section */
		E442B9352BD90C3B00E68C69 /* XCRemoteSwiftPackageReference "SDWebImage" */ = {
			isa = XCRemoteSwiftPackageReference;
			repositoryURL = "https://github.com/SDWebImage/SDWebImage.git";
			requirement = {
				kind = upToNextMajorVersion;
				minimumVersion = 5.19.1;
			};
		};
/* End XCRemoteSwiftPackageReference section */

/* Begin XCSwiftPackageProductDependency section */
		E442B9362BD90C3B00E68C69 /* SDWebImage */ = {
			isa = XCSwiftPackageProductDependency;
			package = E442B9352BD90C3B00E68C69 /* XCRemoteSwiftPackageReference "SDWebImage" */;
			productName = SDWebImage;
		};
		E442B9382BD90C3B00E68C69 /* SDWebImageMapKit */ = {
			isa = XCSwiftPackageProductDependency;
			package = E442B9352BD90C3B00E68C69 /* XCRemoteSwiftPackageReference "SDWebImage" */;
			productName = SDWebImageMapKit;
		};
/* End XCSwiftPackageProductDependency section */
	};
	rootObject = E402EEB82BC53A1C00095E9C /* Project object */;
}
